
Microsoft Visual Studio Solution File, Format Version 12.00
# Visual Studio Version 17
VisualStudioVersion = 17.5.33530.505
MinimumVisualStudioVersion = 10.0.40219.1
Project("{9A19103F-16F7-4668-BE54-9A1E7A4F7556}") = "Tetris", "Tetris\Tetris.csproj", "{8A24765B-DDA6-445B-874E-3904B2F73FBA}"
EndProject
Project("{FAE04EC0-301F-11D3-BF4B-00C04F79EFBC}") = "My_Tetris_Test", "My_Tetris_Test\My_Tetris_Test.csproj", "{FF738813-62AC-434D-BF44-A2BD43902FED}"
EndProject
Global
	GlobalSection(SolutionConfigurationPlatforms) = preSolution
		Debug|Any CPU = Debug|Any CPU
		Release|Any CPU = Release|Any CPU
	EndGlobalSection
	GlobalSection(ProjectConfigurationPlatforms) = postSolution
		{8A24765B-DDA6-445B-874E-3904B2F73FBA}.Debug|Any CPU.ActiveCfg = Debug|Any CPU
		{8A24765B-DDA6-445B-874E-3904B2F73FBA}.Debug|Any CPU.Build.0 = Debug|Any CPU
		{8A24765B-DDA6-445B-874E-3904B2F73FBA}.Release|Any CPU.ActiveCfg = Release|Any CPU
		{8A24765B-DDA6-445B-874E-3904B2F73FBA}.Release|Any CPU.Build.0 = Release|Any CPU
		{FF738813-62AC-434D-BF44-A2BD43902FED}.Debug|Any CPU.ActiveCfg = Debug|Any CPU
		{FF738813-62AC-434D-BF44-A2BD43902FED}.Debug|Any CPU.Build.0 = Debug|Any CPU
		{FF738813-62AC-434D-BF44-A2BD43902FED}.Release|Any CPU.ActiveCfg = Release|Any CPU
		{FF738813-62AC-434D-BF44-A2BD43902FED}.Release|Any CPU.Build.0 = Release|Any CPU
	EndGlobalSection
	GlobalSection(SolutionProperties) = preSolution
		HideSolutionNode = FALSE
	EndGlobalSection
	GlobalSection(ExtensibilityGlobals) = postSolution
		SolutionGuid = {4C8814D2-874C-4006-9C5D-56335B838A45}
	EndGlobalSection
EndGlobal
